// !$*UTF8*$!
{
	archiveVersion = 1;
	classes = {
	};
	objectVersion = 77;
	objects = {

/* Begin PBXContainerItemProxy section */
		D8C543C22D5ED19700659BDB /* PBXContainerItemProxy */ = {
			isa = PBXContainerItemProxy;
			containerPortal = D8C543A42D5ED19400659BDB /* Project object */;
			proxyType = 1;
			remoteGlobalIDString = D8C543AB2D5ED19400659BDB;
			remoteInfo = UIMapExample;
		};
		D8C543CC2D5ED19700659BDB /* PBXContainerItemProxy */ = {
			isa = PBXContainerItemProxy;
			containerPortal = D8C543A42D5ED19400659BDB /* Project object */;
			proxyType = 1;
			remoteGlobalIDString = D8C543AB2D5ED19400659BDB;
			remoteInfo = UIMapExample;
		};
/* End PBXContainerItemProxy section */

/* Begin PBXFileReference section */
		D8C543AC2D5ED19400659BDB /* UIMapExample.app */ = {isa = PBXFileReference; explicitFileType = wrapper.application; includeInIndex = 0; path = UIMapExample.app; sourceTree = BUILT_PRODUCTS_DIR; };
		D8C543C12D5ED19700659BDB /* UIMapExampleTests.xctest */ = {isa = PBXFileReference; explicitFileType = wrapper.cfbundle; includeInIndex = 0; path = UIMapExampleTests.xctest; sourceTree = BUILT_PRODUCTS_DIR; };
		D8C543CB2D5ED19700659BDB /* UIMapExampleUITests.xctest */ = {isa = PBXFileReference; explicitFileType = wrapper.cfbundle; includeInIndex = 0; path = UIMapExampleUITests.xctest; sourceTree = BUILT_PRODUCTS_DIR; };
/* End PBXFileReference section */

/* Begin PBXFileSystemSynchronizedRootGroup section */
		D8C543AE2D5ED19400659BDB /* UIMapExample */ = {
			isa = PBXFileSystemSynchronizedRootGroup;
			path = UIMapExample;
			sourceTree = "<group>";
		};
		D8C543C42D5ED19700659BDB /* UIMapExampleTests */ = {
			isa = PBXFileSystemSynchronizedRootGroup;
			path = UIMapExampleTests;
			sourceTree = "<group>";
		};
		D8C543CE2D5ED19700659BDB /* UIMapExampleUITests */ = {
			isa = PBXFileSystemSynchronizedRootGroup;
			path = UIMapExampleUITests;
			sourceTree = "<group>";
		};
/* End PBXFileSystemSynchronizedRootGroup section */

/* Begin PBXFrameworksBuildPhase section */
		D8C543A92D5ED19400659BDB /* Frameworks */ = {
			isa = PBXFrameworksBuildPhase;
			buildActionMask = 2147483647;
			files = (
			);
			runOnlyForDeploymentPostprocessing = 0;
		};
		D8C543BE2D5ED19700659BDB /* Frameworks */ = {
			isa = PBXFrameworksBuildPhase;
			buildActionMask = 2147483647;
			files = (
			);
			runOnlyForDeploymentPostprocessing = 0;
		};
		D8C543C82D5ED19700659BDB /* Frameworks */ = {
			isa = PBXFrameworksBuildPhase;
			buildActionMask = 2147483647;
			files = (
			);
			runOnlyForDeploymentPostprocessing = 0;
		};
/* End PBXFrameworksBuildPhase section */

/* Begin PBXGroup section */
		D8C543A32D5ED19400659BDB = {
			isa = PBXGroup;
			children = (
				D8C543AE2D5ED19400659BDB /* UIMapExample */,
				D8C543C42D5ED19700659BDB /* UIMapExampleTests */,
				D8C543CE2D5ED19700659BDB /* UIMapExampleUITests */,
				D8C543AD2D5ED19400659BDB /* Products */,
			);
			sourceTree = "<group>";
		};
		D8C543AD2D5ED19400659BDB /* Products */ = {
			isa = PBXGroup;
			children = (
				D8C543AC2D5ED19400659BDB /* UIMapExample.app */,
				D8C543C12D5ED19700659BDB /* UIMapExampleTests.xctest */,
				D8C543CB2D5ED19700659BDB /* UIMapExampleUITests.xctest */,
			);
			name = Products;
			sourceTree = "<group>";
		};
/* End PBXGroup section */

/* Begin PBXNativeTarget section */
		D8C543AB2D5ED19400659BDB /* UIMapExample */ = {
			isa = PBXNativeTarget;
			buildConfigurationList = D8C543D52D5ED19700659BDB /* Build configuration list for PBXNativeTarget "UIMapExample" */;
			buildPhases = (
				D8C543A82D5ED19400659BDB /* Sources */,
				D8C543A92D5ED19400659BDB /* Frameworks */,
				D8C543AA2D5ED19400659BDB /* Resources */,
			);
			buildRules = (
			);
			dependencies = (
			);
			fileSystemSynchronizedGroups = (
				D8C543AE2D5ED19400659BDB /* UIMapExample */,
			);
			name = UIMapExample;
			packageProductDependencies = (
			);
			productName = UIMapExample;
			productReference = D8C543AC2D5ED19400659BDB /* UIMapExample.app */;
			productType = "com.apple.product-type.application";
		};
		D8C543C02D5ED19700659BDB /* UIMapExampleTests */ = {
			isa = PBXNativeTarget;
			buildConfigurationList = D8C543D82D5ED19700659BDB /* Build configuration list for PBXNativeTarget "UIMapExampleTests" */;
			buildPhases = (
				D8C543BD2D5ED19700659BDB /* Sources */,
				D8C543BE2D5ED19700659BDB /* Frameworks */,
				D8C543BF2D5ED19700659BDB /* Resources */,
			);
			buildRules = (
			);
			dependencies = (
				D8C543C32D5ED19700659BDB /* PBXTargetDependency */,
			);
			fileSystemSynchronizedGroups = (
				D8C543C42D5ED19700659BDB /* UIMapExampleTests */,
			);
			name = UIMapExampleTests;
			packageProductDependencies = (
			);
			productName = UIMapExampleTests;
			productReference = D8C543C12D5ED19700659BDB /* UIMapExampleTests.xctest */;
			productType = "com.apple.product-type.bundle.unit-test";
		};
		D8C543CA2D5ED19700659BDB /* UIMapExampleUITests */ = {
			isa = PBXNativeTarget;
			buildConfigurationList = D8C543DB2D5ED19700659BDB /* Build configuration list for PBXNativeTarget "UIMapExampleUITests" */;
			buildPhases = (
				D8C543C72D5ED19700659BDB /* Sources */,
				D8C543C82D5ED19700659BDB /* Frameworks */,
				D8C543C92D5ED19700659BDB /* Resources */,
			);
			buildRules = (
			);
			dependencies = (
				D8C543CD2D5ED19700659BDB /* PBXTargetDependency */,
			);
			fileSystemSynchronizedGroups = (
				D8C543CE2D5ED19700659BDB /* UIMapExampleUITests */,
			);
			name = UIMapExampleUITests;
			packageProductDependencies = (
			);
			productName = UIMapExampleUITests;
			productReference = D8C543CB2D5ED19700659BDB /* UIMapExampleUITests.xctest */;
			productType = "com.apple.product-type.bundle.ui-testing";
		};
/* End PBXNativeTarget section */

/* Begin PBXProject section */
		D8C543A42D5ED19400659BDB /* Project object */ = {
			isa = PBXProject;
			attributes = {
				BuildIndependentTargetsInParallel = 1;
				LastSwiftUpdateCheck = 1600;
				LastUpgradeCheck = 1600;
				TargetAttributes = {
					D8C543AB2D5ED19400659BDB = {
						CreatedOnToolsVersion = 16.0;
					};
					D8C543C02D5ED19700659BDB = {
						CreatedOnToolsVersion = 16.0;
						TestTargetID = D8C543AB2D5ED19400659BDB;
					};
					D8C543CA2D5ED19700659BDB = {
						CreatedOnToolsVersion = 16.0;
						TestTargetID = D8C543AB2D5ED19400659BDB;
					};
				};
			};
			buildConfigurationList = D8C543A72D5ED19400659BDB /* Build configuration list for PBXProject "UIMapExample" */;
			developmentRegion = en;
			hasScannedForEncodings = 0;
			knownRegions = (
				en,
				Base,
			);
			mainGroup = D8C543A32D5ED19400659BDB;
			minimizedProjectReferenceProxies = 1;
			preferredProjectObjectVersion = 77;
			productRefGroup = D8C543AD2D5ED19400659BDB /* Products */;
			projectDirPath = "";
			projectRoot = "";
			targets = (
				D8C543AB2D5ED19400659BDB /* UIMapExample */,
				D8C543C02D5ED19700659BDB /* UIMapExampleTests */,
				D8C543CA2D5ED19700659BDB /* UIMapExampleUITests */,
			);
		};
/* End PBXProject section */

/* Begin PBXResourcesBuildPhase section */
		D8C543AA2D5ED19400659BDB /* Resources */ = {
			isa = PBXResourcesBuildPhase;
			buildActionMask = 2147483647;
			files = (
			);
			runOnlyForDeploymentPostprocessing = 0;
		};
		D8C543BF2D5ED19700659BDB /* Resources */ = {
			isa = PBXResourcesBuildPhase;
			buildActionMask = 2147483647;
			files = (
			);
			runOnlyForDeploymentPostprocessing = 0;
		};
		D8C543C92D5ED19700659BDB /* Resources */ = {
			isa = PBXResourcesBuildPhase;
			buildActionMask = 2147483647;
			files = (
			);
			runOnlyForDeploymentPostprocessing = 0;
		};
/* End PBXResourcesBuildPhase section */

/* Begin PBXSourcesBuildPhase section */
		D8C543A82D5ED19400659BDB /* Sources */ = {
			isa = PBXSourcesBuildPhase;
			buildActionMask = 2147483647;
			files = (
			);
			runOnlyForDeploymentPostprocessing = 0;
		};
		D8C543BD2D5ED19700659BDB /* Sources */ = {
			isa = PBXSourcesBuildPhase;
			buildActionMask = 2147483647;
			files = (
			);
			runOnlyForDeploymentPostprocessing = 0;
		};
		D8C543C72D5ED19700659BDB /* Sources */ = {
			isa = PBXSourcesBuildPhase;
			buildActionMask = 2147483647;
			files = (
			);
			runOnlyForDeploymentPostprocessing = 0;
		};
/* End PBXSourcesBuildPhase section */

/* Begin PBXTargetDependency section */
		D8C543C32D5ED19700659BDB /* PBXTargetDependency */ = {
			isa = PBXTargetDependency;
			target = D8C543AB2D5ED19400659BDB /* UIMapExample */;
			targetProxy = D8C543C22D5ED19700659BDB /* PBXContainerItemProxy */;
		};
		D8C543CD2D5ED19700659BDB /* PBXTargetDependency */ = {
			isa = PBXTargetDependency;
			target = D8C543AB2D5ED19400659BDB /* UIMapExample */;
			targetProxy = D8C543CC2D5ED19700659BDB /* PBXContainerItemProxy */;
		};
/* End PBXTargetDependency section */

/* Begin XCBuildConfiguration section */
		D8C543D32D5ED19700659BDB /* Debug */ = {
			isa = XCBuildConfiguration;
			buildSettings = {
				ALWAYS_SEARCH_USER_PATHS = NO;
				ASSETCATALOG_COMPILER_GENERATE_SWIFT_ASSET_SYMBOL_EXTENSIONS = YES;
				CLANG_ANALYZER_NONNULL = YES;
				CLANG_ANALYZER_NUMBER_OBJECT_CONVERSION = YES_AGGRESSIVE;
				CLANG_CXX_LANGUAGE_STANDARD = "gnu++20";
				CLANG_ENABLE_MODULES = YES;
				CLANG_ENABLE_OBJC_ARC = YES;
				CLANG_ENABLE_OBJC_WEAK = YES;
				CLANG_WARN_BLOCK_CAPTURE_AUTORELEASING = YES;
				CLANG_WARN_BOOL_CONVERSION = YES;
				CLANG_WARN_COMMA = YES;
				CLANG_WARN_CONSTANT_CONVERSION = YES;
				CLANG_WARN_DEPRECATED_OBJC_IMPLEMENTATIONS = YES;
				CLANG_WARN_DIRECT_OBJC_ISA_USAGE = YES_ERROR;
				CLANG_WARN_DOCUMENTATION_COMMENTS = YES;
				CLANG_WARN_EMPTY_BODY = YES;
				CLANG_WARN_ENUM_CONVERSION = YES;
				CLANG_WARN_INFINITE_RECURSION = YES;
				CLANG_WARN_INT_CONVERSION = YES;
				CLANG_WARN_NON_LITERAL_NULL_CONVERSION = YES;
				CLANG_WARN_OBJC_IMPLICIT_RETAIN_SELF = YES;
				CLANG_WARN_OBJC_LITERAL_CONVERSION = YES;
				CLANG_WARN_OBJC_ROOT_CLASS = YES_ERROR;
				CLANG_WARN_QUOTED_INCLUDE_IN_FRAMEWORK_HEADER = YES;
				CLANG_WARN_RANGE_LOOP_ANALYSIS = YES;
				CLANG_WARN_STRICT_PROTOTYPES = YES;
				CLANG_WARN_SUSPICIOUS_MOVE = YES;
				CLANG_WARN_UNGUARDED_AVAILABILITY = YES_AGGRESSIVE;
				CLANG_WARN_UNREACHABLE_CODE = YES;
				CLANG_WARN__DUPLICATE_METHOD_MATCH = YES;
				COPY_PHASE_STRIP = NO;
				DEBUG_INFORMATION_FORMAT = dwarf;
				ENABLE_STRICT_OBJC_MSGSEND = YES;
				ENABLE_TESTABILITY = YES;
				ENABLE_USER_SCRIPT_SANDBOXING = YES;
				GCC_C_LANGUAGE_STANDARD = gnu17;
				GCC_DYNAMIC_NO_PIC = NO;
				GCC_NO_COMMON_BLOCKS = YES;
				GCC_OPTIMIZATION_LEVEL = 0;
				GCC_PREPROCESSOR_DEFINITIONS = (
					"DEBUG=1",
					"$(inherited)",
				);
				GCC_WARN_64_TO_32_BIT_CONVERSION = YES;
				GCC_WARN_ABOUT_RETURN_TYPE = YES_ERROR;
				GCC_WARN_UNDECLARED_SELECTOR = YES;
				GCC_WARN_UNINITIALIZED_AUTOS = YES_AGGRESSIVE;
				GCC_WARN_UNUSED_FUNCTION = YES;
				GCC_WARN_UNUSED_VARIABLE = YES;
				IPHONEOS_DEPLOYMENT_TARGET = 18.0;
				LOCALIZATION_PREFERS_STRING_CATALOGS = YES;
				MTL_ENABLE_DEBUG_INFO = INCLUDE_SOURCE;
				MTL_FAST_MATH = YES;
				ONLY_ACTIVE_ARCH = YES;
				SDKROOT = iphoneos;
				SWIFT_ACTIVE_COMPILATION_CONDITIONS = "DEBUG $(inherited)";
				SWIFT_OPTIMIZATION_LEVEL = "-Onone";
			};
			name = Debug;
		};
		D8C543D42D5ED19700659BDB /* Release */ = {
			isa = XCBuildConfiguration;
			buildSettings = {
				ALWAYS_SEARCH_USER_PATHS = NO;
				ASSETCATALOG_COMPILER_GENERATE_SWIFT_ASSET_SYMBOL_EXTENSIONS = YES;
				CLANG_ANALYZER_NONNULL = YES;
				CLANG_ANALYZER_NUMBER_OBJECT_CONVERSION = YES_AGGRESSIVE;
				CLANG_CXX_LANGUAGE_STANDARD = "gnu++20";
				CLANG_ENABLE_MODULES = YES;
				CLANG_ENABLE_OBJC_ARC = YES;
				CLANG_ENABLE_OBJC_WEAK = YES;
				CLANG_WARN_BLOCK_CAPTURE_AUTORELEASING = YES;
				CLANG_WARN_BOOL_CONVERSION = YES;
				CLANG_WARN_COMMA = YES;
				CLANG_WARN_CONSTANT_CONVERSION = YES;
				CLANG_WARN_DEPRECATED_OBJC_IMPLEMENTATIONS = YES;
				CLANG_WARN_DIRECT_OBJC_ISA_USAGE = YES_ERROR;
				CLANG_WARN_DOCUMENTATION_COMMENTS = YES;
				CLANG_WARN_EMPTY_BODY = YES;
				CLANG_WARN_ENUM_CONVERSION = YES;
				CLANG_WARN_INFINITE_RECURSION = YES;
				CLANG_WARN_INT_CONVERSION = YES;
				CLANG_WARN_NON_LITERAL_NULL_CONVERSION = YES;
				CLANG_WARN_OBJC_IMPLICIT_RETAIN_SELF = YES;
				CLANG_WARN_OBJC_LITERAL_CONVERSION = YES;
				CLANG_WARN_OBJC_ROOT_CLASS = YES_ERROR;
				CLANG_WARN_QUOTED_INCLUDE_IN_FRAMEWORK_HEADER = YES;
				CLANG_WARN_RANGE_LOOP_ANALYSIS = YES;
				CLANG_WARN_STRICT_PROTOTYPES = YES;
				CLANG_WARN_SUSPICIOUS_MOVE = YES;
				CLANG_WARN_UNGUARDED_AVAILABILITY = YES_AGGRESSIVE;
				CLANG_WARN_UNREACHABLE_CODE = YES;
				CLANG_WARN__DUPLICATE_METHOD_MATCH = YES;
				COPY_PHASE_STRIP = NO;
				DEBUG_INFORMATION_FORMAT = "dwarf-with-dsym";
				ENABLE_NS_ASSERTIONS = NO;
				ENABLE_STRICT_OBJC_MSGSEND = YES;
				ENABLE_USER_SCRIPT_SANDBOXING = YES;
				GCC_C_LANGUAGE_STANDARD = gnu17;
				GCC_NO_COMMON_BLOCKS = YES;
				GCC_WARN_64_TO_32_BIT_CONVERSION = YES;
				GCC_WARN_ABOUT_RETURN_TYPE = YES_ERROR;
				GCC_WARN_UNDECLARED_SELECTOR = YES;
				GCC_WARN_UNINITIALIZED_AUTOS = YES_AGGRESSIVE;
				GCC_WARN_UNUSED_FUNCTION = YES;
				GCC_WARN_UNUSED_VARIABLE = YES;
				IPHONEOS_DEPLOYMENT_TARGET = 18.0;
				LOCALIZATION_PREFERS_STRING_CATALOGS = YES;
				MTL_ENABLE_DEBUG_INFO = NO;
				MTL_FAST_MATH = YES;
				SDKROOT = iphoneos;
				SWIFT_COMPILATION_MODE = wholemodule;
				VALIDATE_PRODUCT = YES;
			};
			name = Release;
		};
		D8C543D62D5ED19700659BDB /* Debug */ = {
			isa = XCBuildConfiguration;
			buildSettings = {
				ASSETCATALOG_COMPILER_APPICON_NAME = AppIcon;
				ASSETCATALOG_COMPILER_GLOBAL_ACCENT_COLOR_NAME = AccentColor;
				CODE_SIGN_STYLE = Automatic;
				CURRENT_PROJECT_VERSION = 1;
				DEVELOPMENT_ASSET_PATHS = "\"UIMapExample/Preview Content\"";
				ENABLE_PREVIEWS = YES;
				GENERATE_INFOPLIST_FILE = YES;
				INFOPLIST_KEY_NSLocationAlwaysUsageDescription = "Show the user location to other users even when app is not in use";
				INFOPLIST_KEY_NSLocationWhenInUseUsageDescription = "Show the user location when in use";
				INFOPLIST_KEY_UIApplicationSceneManifest_Generation = YES;
				INFOPLIST_KEY_UIApplicationSupportsIndirectInputEvents = YES;
				INFOPLIST_KEY_UILaunchScreen_Generation = YES;
				INFOPLIST_KEY_UISupportedInterfaceOrientations_iPad = "UIInterfaceOrientationPortrait UIInterfaceOrientationPortraitUpsideDown UIInterfaceOrientationLandscapeLeft UIInterfaceOrientationLandscapeRight";
				INFOPLIST_KEY_UISupportedInterfaceOrientations_iPhone = "UIInterfaceOrientationPortrait UIInterfaceOrientationLandscapeLeft UIInterfaceOrientationLandscapeRight";
				LD_RUNPATH_SEARCH_PATHS = (
					"$(inherited)",
					"@executable_path/Frameworks",
				);
				MARKETING_VERSION = 1.0;
				PRODUCT_BUNDLE_IDENTIFIER = pomegranate.UIMapExample;
				PRODUCT_NAME = "$(TARGET_NAME)";
				SWIFT_EMIT_LOC_STRINGS = YES;
				SWIFT_VERSION = 5.0;
				TARGETED_DEVICE_FAMILY = "1,2";
			};
			name = Debug;
		};
		D8C543D72D5ED19700659BDB /* Release */ = {
			isa = XCBuildConfiguration;
			buildSettings = {
				ASSETCATALOG_COMPILER_APPICON_NAME = AppIcon;
				ASSETCATALOG_COMPILER_GLOBAL_ACCENT_COLOR_NAME = AccentColor;
				CODE_SIGN_STYLE = Automatic;
				CURRENT_PROJECT_VERSION = 1;
				DEVELOPMENT_ASSET_PATHS = "\"UIMapExample/Preview Content\"";
				ENABLE_PREVIEWS = YES;
				GENERATE_INFOPLIST_FILE = YES;
				INFOPLIST_KEY_NSLocationAlwaysUsageDescription = "Show the user location to other users even when app is not in use";
				INFOPLIST_KEY_NSLocationWhenInUseUsageDescription = "Show the user location when in use";
				INFOPLIST_KEY_UIApplicationSceneManifest_Generation = YES;
				INFOPLIST_KEY_UIApplicationSupportsIndirectInputEvents = YES;
				INFOPLIST_KEY_UILaunchScreen_Generation = YES;
				INFOPLIST_KEY_UISupportedInterfaceOrientations_iPad = "UIInterfaceOrientationPortrait UIInterfaceOrientationPortraitUpsideDown UIInterfaceOrientationLandscapeLeft UIInterfaceOrientationLandscapeRight";
				INFOPLIST_KEY_UISupportedInterfaceOrientations_iPhone = "UIInterfaceOrientationPortrait UIInterfaceOrientationLandscapeLeft UIInterfaceOrientationLandscapeRight";
				LD_RUNPATH_SEARCH_PATHS = (
					"$(inherited)",
					"@executable_path/Frameworks",
				);
				MARKETING_VERSION = 1.0;
				PRODUCT_BUNDLE_IDENTIFIER = pomegranate.UIMapExample;
				PRODUCT_NAME = "$(TARGET_NAME)";
				SWIFT_EMIT_LOC_STRINGS = YES;
				SWIFT_VERSION = 5.0;
				TARGETED_DEVICE_FAMILY = "1,2";
			};
			name = Release;
		};
		D8C543D92D5ED19700659BDB /* Debug */ = {
			isa = XCBuildConfiguration;
			buildSettings = {
				BUNDLE_LOADER = "$(TEST_HOST)";
				CODE_SIGN_STYLE = Automatic;
				CURRENT_PROJECT_VERSION = 1;
				GENERATE_INFOPLIST_FILE = YES;
				IPHONEOS_DEPLOYMENT_TARGET = 18.0;
				MARKETING_VERSION = 1.0;
				PRODUCT_BUNDLE_IDENTIFIER = pomegranate.UIMapExampleTests;
				PRODUCT_NAME = "$(TARGET_NAME)";
				SWIFT_EMIT_LOC_STRINGS = NO;
				SWIFT_VERSION = 5.0;
				TARGETED_DEVICE_FAMILY = "1,2";
				TEST_HOST = "$(BUILT_PRODUCTS_DIR)/UIMapExample.app/$(BUNDLE_EXECUTABLE_FOLDER_PATH)/UIMapExample";
			};
			name = Debug;
		};
		D8C543DA2D5ED19700659BDB /* Release */ = {
			isa = XCBuildConfiguration;
			buildSettings = {
				BUNDLE_LOADER = "$(TEST_HOST)";
				CODE_SIGN_STYLE = Automatic;
				CURRENT_PROJECT_VERSION = 1;
				GENERATE_INFOPLIST_FILE = YES;
				IPHONEOS_DEPLOYMENT_TARGET = 18.0;
				MARKETING_VERSION = 1.0;
				PRODUCT_BUNDLE_IDENTIFIER = pomegranate.UIMapExampleTests;
				PRODUCT_NAME = "$(TARGET_NAME)";
				SWIFT_EMIT_LOC_STRINGS = NO;
				SWIFT_VERSION = 5.0;
				TARGETED_DEVICE_FAMILY = "1,2";
				TEST_HOST = "$(BUILT_PRODUCTS_DIR)/UIMapExample.app/$(BUNDLE_EXECUTABLE_FOLDER_PATH)/UIMapExample";
			};
			name = Release;
		};
		D8C543DC2D5ED19700659BDB /* Debug */ = {
			isa = XCBuildConfiguration;
			buildSettings = {
				CODE_SIGN_STYLE = Automatic;
				CURRENT_PROJECT_VERSION = 1;
				GENERATE_INFOPLIST_FILE = YES;
				MARKETING_VERSION = 1.0;
				PRODUCT_BUNDLE_IDENTIFIER = pomegranate.UIMapExampleUITests;
				PRODUCT_NAME = "$(TARGET_NAME)";
				SWIFT_EMIT_LOC_STRINGS = NO;
				SWIFT_VERSION = 5.0;
				TARGETED_DEVICE_FAMILY = "1,2";
				TEST_TARGET_NAME = UIMapExample;
			};
			name = Debug;
		};
		D8C543DD2D5ED19700659BDB /* Release */ = {
			isa = XCBuildConfiguration;
			buildSettings = {
				CODE_SIGN_STYLE = Automatic;
				CURRENT_PROJECT_VERSION = 1;
				GENERATE_INFOPLIST_FILE = YES;
				MARKETING_VERSION = 1.0;
				PRODUCT_BUNDLE_IDENTIFIER = pomegranate.UIMapExampleUITests;
				PRODUCT_NAME = "$(TARGET_NAME)";
				SWIFT_EMIT_LOC_STRINGS = NO;
				SWIFT_VERSION = 5.0;
				TARGETED_DEVICE_FAMILY = "1,2";
				TEST_TARGET_NAME = UIMapExample;
			};
			name = Release;
		};
/* End XCBuildConfiguration section */

/* Begin XCConfigurationList section */
		D8C543A72D5ED19400659BDB /* Build configuration list for PBXProject "UIMapExample" */ = {
			isa = XCConfigurationList;
			buildConfigurations = (
				D8C543D32D5ED19700659BDB /* Debug */,
				D8C543D42D5ED19700659BDB /* Release */,
			);
			defaultConfigurationIsVisible = 0;
			defaultConfigurationName = Release;
		};
		D8C543D52D5ED19700659BDB /* Build configuration list for PBXNativeTarget "UIMapExample" */ = {
			isa = XCConfigurationList;
			buildConfigurations = (
				D8C543D62D5ED19700659BDB /* Debug */,
				D8C543D72D5ED19700659BDB /* Release */,
			);
			defaultConfigurationIsVisible = 0;
			defaultConfigurationName = Release;
		};
		D8C543D82D5ED19700659BDB /* Build configuration list for PBXNativeTarget "UIMapExampleTests" */ = {
			isa = XCConfigurationList;
			buildConfigurations = (
				D8C543D92D5ED19700659BDB /* Debug */,
				D8C543DA2D5ED19700659BDB /* Release */,
			);
			defaultConfigurationIsVisible = 0;
			defaultConfigurationName = Release;
		};
		D8C543DB2D5ED19700659BDB /* Build configuration list for PBXNativeTarget "UIMapExampleUITests" */ = {
			isa = XCConfigurationList;
			buildConfigurations = (
				D8C543DC2D5ED19700659BDB /* Debug */,
				D8C543DD2D5ED19700659BDB /* Release */,
			);
			defaultConfigurationIsVisible = 0;
			defaultConfigurationName = Release;
		};
/* End XCConfigurationList section */
	};
	rootObject = D8C543A42D5ED19400659BDB /* Project object */;
}
